
Microsoft Visual Studio Solution File, Format Version 12.00
# Visual Studio Version 16
VisualStudioVersion = 16.0.29728.190
MinimumVisualStudioVersion = 10.0.40219.1
Project("{FAE04EC0-301F-11D3-BF4B-00C04F79EFBC}") = "UnitConversion", "UnitConversion\UnitConversion.csproj", "{67860C80-F3B0-43D0-A91E-01C9C536788B}"
EndProject
Global
	GlobalSection(SolutionConfigurationPlatforms) = preSolution
		Debug|Any CPU = Debug|Any CPU
		Release|Any CPU = Release|Any CPU
	EndGlobalSection
	GlobalSection(ProjectConfigurationPlatforms) = postSolution
		{67860C80-F3B0-43D0-A91E-01C9C536788B}.Debug|Any CPU.ActiveCfg = Debug|Any CPU
		{67860C80-F3B0-43D0-A91E-01C9C536788B}.Debug|Any CPU.Build.0 = Debug|Any CPU
		{67860C80-F3B0-43D0-A91E-01C9C536788B}.Release|Any CPU.ActiveCfg = Release|Any CPU
		{67860C80-F3B0-43D0-A91E-01C9C536788B}.Release|Any CPU.Build.0 = Release|Any CPU
	EndGlobalSection
	GlobalSection(SolutionProperties) = preSolution
		HideSolutionNode = FALSE
	EndGlobalSection
	GlobalSection(ExtensibilityGlobals) = postSolution
		SolutionGuid = {B204C7EF-4E8B-46B2-9926-3439A13E5E86}
	EndGlobalSection
EndGlobal
